
Microsoft Visual Studio Solution File, Format Version 12.00
# Visual Studio 14
VisualStudioVersion = 14.0.25420.1
MinimumVisualStudioVersion = 10.0.40219.1
Project("{FAE04EC0-301F-11D3-BF4B-00C04F79EFBC}") = "WinFormNS", "WinFormNS\WinFormNS.csproj", "{AF5C7EA4-32A5-4A60-8A07-687375558575}"
EndProject
Project("{FAE04EC0-301F-11D3-BF4B-00C04F79EFBC}") = "FilerNS", "FilerNS\FilerNS.csproj", "{50843A7A-DAAB-45EC-8E52-C000D5980A2F}"
EndProject
Project("{FAE04EC0-301F-11D3-BF4B-00C04F79EFBC}") = "DesignerNS", "DesignerNS\DesignerNS.csproj", "{E89750F1-9256-47F8-8FDF-0790BC3C1BC2}"
EndProject
Project("{FAE04EC0-301F-11D3-BF4B-00C04F79EFBC}") = "GameNS", "GameNS\GameNS.csproj", "{AD3F3F36-344E-4C44-97D1-45854D2E7483}"
EndProject
Global
	GlobalSection(SolutionConfigurationPlatforms) = preSolution
		Debug|Any CPU = Debug|Any CPU
		Release|Any CPU = Release|Any CPU
	EndGlobalSection
	GlobalSection(ProjectConfigurationPlatforms) = postSolution
		{AF5C7EA4-32A5-4A60-8A07-687375558575}.Debug|Any CPU.ActiveCfg = Debug|Any CPU
		{AF5C7EA4-32A5-4A60-8A07-687375558575}.Debug|Any CPU.Build.0 = Debug|Any CPU
		{AF5C7EA4-32A5-4A60-8A07-687375558575}.Release|Any CPU.ActiveCfg = Release|Any CPU
		{AF5C7EA4-32A5-4A60-8A07-687375558575}.Release|Any CPU.Build.0 = Release|Any CPU
		{50843A7A-DAAB-45EC-8E52-C000D5980A2F}.Debug|Any CPU.ActiveCfg = Debug|Any CPU
		{50843A7A-DAAB-45EC-8E52-C000D5980A2F}.Debug|Any CPU.Build.0 = Debug|Any CPU
		{50843A7A-DAAB-45EC-8E52-C000D5980A2F}.Release|Any CPU.ActiveCfg = Release|Any CPU
		{50843A7A-DAAB-45EC-8E52-C000D5980A2F}.Release|Any CPU.Build.0 = Release|Any CPU
		{E89750F1-9256-47F8-8FDF-0790BC3C1BC2}.Debug|Any CPU.ActiveCfg = Debug|Any CPU
		{E89750F1-9256-47F8-8FDF-0790BC3C1BC2}.Debug|Any CPU.Build.0 = Debug|Any CPU
		{E89750F1-9256-47F8-8FDF-0790BC3C1BC2}.Release|Any CPU.ActiveCfg = Release|Any CPU
		{E89750F1-9256-47F8-8FDF-0790BC3C1BC2}.Release|Any CPU.Build.0 = Release|Any CPU
		{AD3F3F36-344E-4C44-97D1-45854D2E7483}.Debug|Any CPU.ActiveCfg = Debug|Any CPU
		{AD3F3F36-344E-4C44-97D1-45854D2E7483}.Debug|Any CPU.Build.0 = Debug|Any CPU
		{AD3F3F36-344E-4C44-97D1-45854D2E7483}.Release|Any CPU.ActiveCfg = Release|Any CPU
		{AD3F3F36-344E-4C44-97D1-45854D2E7483}.Release|Any CPU.Build.0 = Release|Any CPU
	EndGlobalSection
	GlobalSection(SolutionProperties) = preSolution
		HideSolutionNode = FALSE
	EndGlobalSection
EndGlobal
